
Microsoft Visual Studio Solution File, Format Version 12.00
# Visual Studio Version 16
VisualStudioVersion = 16.0.29926.136
MinimumVisualStudioVersion = 10.0.40219.1
Project("{FAE04EC0-301F-11D3-BF4B-00C04F79EFBC}") = "AppMVC01", "AppMVC01.csproj", "{63103EAD-3B4E-4453-9B13-9F31F5D088E4}"
EndProject
Global
	GlobalSection(SolutionConfigurationPlatforms) = preSolution
		Debug|Any CPU = Debug|Any CPU
		Release|Any CPU = Release|Any CPU
	EndGlobalSection
	GlobalSection(ProjectConfigurationPlatforms) = postSolution
		{63103EAD-3B4E-4453-9B13-9F31F5D088E4}.Debug|Any CPU.ActiveCfg = Debug|Any CPU
		{63103EAD-3B4E-4453-9B13-9F31F5D088E4}.Debug|Any CPU.Build.0 = Debug|Any CPU
		{63103EAD-3B4E-4453-9B13-9F31F5D088E4}.Release|Any CPU.ActiveCfg = Release|Any CPU
		{63103EAD-3B4E-4453-9B13-9F31F5D088E4}.Release|Any CPU.Build.0 = Release|Any CPU
	EndGlobalSection
	GlobalSection(SolutionProperties) = preSolution
		HideSolutionNode = FALSE
	EndGlobalSection
	GlobalSection(ExtensibilityGlobals) = postSolution
		SolutionGuid = {CF4782B0-562D-413A-834B-AC47D4445CB9}
	EndGlobalSection
EndGlobal
